Microsoft Visual Studio Solution File, Format Version 11.00
# Visual Studio 2010
Project("{8BC9CEB8-8B4A-11D0-8D11-00A0C91BC942}") = "NURBS", "NURBS\NURBS.vcxproj", "{90184479-B42D-3325-9049-6909A3423AD5}"
EndProject
Project("{8BC9CEB8-8B4A-11D0-8D11-00A0C91BC942}") = "DynamicVoxel", "DynamicVoxel\DynamicVoxel.vcxproj", "{247668C6-63EA-34A1-B00C-4E2EE170E167}"
EndProject
Project("{8BC9CEB8-8B4A-11D0-8D11-00A0C91BC942}") = "Voxeler", "Voxeler\Voxeler.vcxproj", "{196D0DD5-CFD4-3F1E-942D-5EF3152F8879}"
EndProject
Project("{8BC9CEB8-8B4A-11D0-8D11-00A0C91BC942}") = "ScorerLib", "ScorerLib\ScorerLib.vcxproj", "{06F8AFD2-AA21-3E68-BB63-3BC6868CF3D8}"
	ProjectSection(ProjectDependencies) = postProject
		{90184479-B42D-3325-9049-6909A3423AD5} = {90184479-B42D-3325-9049-6909A3423AD5}
		{E3715471-0C05-34AF-BBB1-D84B84F787D1} = {E3715471-0C05-34AF-BBB1-D84B84F787D1}
	EndProjectSection
EndProject
Project("{8BC9CEB8-8B4A-11D0-8D11-00A0C91BC942}") = "TopoBlenderLib", "TopoBlenderLib\TopoBlenderLib.vcxproj", "{E3715471-0C05-34AF-BBB1-D84B84F787D1}"
	ProjectSection(ProjectDependencies) = postProject
		{90184479-B42D-3325-9049-6909A3423AD5} = {90184479-B42D-3325-9049-6909A3423AD5}
		{7299354A-75B6-3442-BCF4-60A3CAE43BAB} = {7299354A-75B6-3442-BCF4-60A3CAE43BAB}
	EndProjectSection
EndProject
Project("{8BC9CEB8-8B4A-11D0-8D11-00A0C91BC942}") = "Reconstruction", "Reconstruction\Reconstruction.vcxproj", "{7299354A-75B6-3442-BCF4-60A3CAE43BAB}"
EndProject
Project("{8BC9CEB8-8B4A-11D0-8D11-00A0C91BC942}") = "GlSplatRendererLib", "GlSplatRendererLib\GlSplatRendererLib.vcxproj", "{858EFC1D-807D-3876-B7DC-546CE72C04CC}"
EndProject
Project("{8BC9CEB8-8B4A-11D0-8D11-00A0C91BC942}") = "voxel_resampler", "voxel_resampler\voxel_resampler.vcxproj", "{36AF6F4F-FEE2-32F0-A162-9B58CD0B51AA}"
	ProjectSection(ProjectDependencies) = postProject
		{196D0DD5-CFD4-3F1E-942D-5EF3152F8879} = {196D0DD5-CFD4-3F1E-942D-5EF3152F8879}
		{247668C6-63EA-34A1-B00C-4E2EE170E167} = {247668C6-63EA-34A1-B00C-4E2EE170E167}
	EndProjectSection
EndProject
Project("{8BC9CEB8-8B4A-11D0-8D11-00A0C91BC942}") = "nurbs_plugin", "nurbs_plugin\nurbs_plugin.vcxproj", "{480D7F94-5588-3D5D-BFCC-C49644C3ABC7}"
	ProjectSection(ProjectDependencies) = postProject
		{90184479-B42D-3325-9049-6909A3423AD5} = {90184479-B42D-3325-9049-6909A3423AD5}
		{7299354A-75B6-3442-BCF4-60A3CAE43BAB} = {7299354A-75B6-3442-BCF4-60A3CAE43BAB}
		{E3715471-0C05-34AF-BBB1-D84B84F787D1} = {E3715471-0C05-34AF-BBB1-D84B84F787D1}
	EndProjectSection
EndProject
Project("{8BC9CEB8-8B4A-11D0-8D11-00A0C91BC942}") = "demo", "demo\demo.vcxproj", "{4E9CE35B-17E1-3EE5-B715-D5A58C252D04}"
	ProjectSection(ProjectDependencies) = postProject
		{90184479-B42D-3325-9049-6909A3423AD5} = {90184479-B42D-3325-9049-6909A3423AD5}
		{247668C6-63EA-34A1-B00C-4E2EE170E167} = {247668C6-63EA-34A1-B00C-4E2EE170E167}
		{7299354A-75B6-3442-BCF4-60A3CAE43BAB} = {7299354A-75B6-3442-BCF4-60A3CAE43BAB}
		{E3715471-0C05-34AF-BBB1-D84B84F787D1} = {E3715471-0C05-34AF-BBB1-D84B84F787D1}
		{06F8AFD2-AA21-3E68-BB63-3BC6868CF3D8} = {06F8AFD2-AA21-3E68-BB63-3BC6868CF3D8}
	EndProjectSection
EndProject
Project("{8BC9CEB8-8B4A-11D0-8D11-00A0C91BC942}") = "topo-blend", "topo-blend\topo-blend.vcxproj", "{C840D29F-414D-378E-80AD-3FC5920C75D5}"
	ProjectSection(ProjectDependencies) = postProject
		{90184479-B42D-3325-9049-6909A3423AD5} = {90184479-B42D-3325-9049-6909A3423AD5}
		{247668C6-63EA-34A1-B00C-4E2EE170E167} = {247668C6-63EA-34A1-B00C-4E2EE170E167}
		{7299354A-75B6-3442-BCF4-60A3CAE43BAB} = {7299354A-75B6-3442-BCF4-60A3CAE43BAB}
		{E3715471-0C05-34AF-BBB1-D84B84F787D1} = {E3715471-0C05-34AF-BBB1-D84B84F787D1}
		{06F8AFD2-AA21-3E68-BB63-3BC6868CF3D8} = {06F8AFD2-AA21-3E68-BB63-3BC6868CF3D8}
	EndProjectSection
EndProject
Global
	GlobalSection(SolutionConfigurationPlatforms) = preSolution
		Debug|Win32 = Debug|Win32
		Release|Win32 = Release|Win32
	EndGlobalSection
	GlobalSection(ProjectConfigurationPlatforms) = postSolution
		{90184479-B42D-3325-9049-6909A3423AD5}.Debug|Win32.ActiveCfg = Debug|Win32
		{90184479-B42D-3325-9049-6909A3423AD5}.Debug|Win32.Build.0 = Debug|Win32
		{90184479-B42D-3325-9049-6909A3423AD5}.Release|Win32.ActiveCfg = Release|Win32
		{90184479-B42D-3325-9049-6909A3423AD5}.Release|Win32.Build.0 = Release|Win32
		{247668C6-63EA-34A1-B00C-4E2EE170E167}.Debug|Win32.ActiveCfg = Debug|Win32
		{247668C6-63EA-34A1-B00C-4E2EE170E167}.Debug|Win32.Build.0 = Debug|Win32
		{247668C6-63EA-34A1-B00C-4E2EE170E167}.Release|Win32.ActiveCfg = Release|Win32
		{247668C6-63EA-34A1-B00C-4E2EE170E167}.Release|Win32.Build.0 = Release|Win32
		{196D0DD5-CFD4-3F1E-942D-5EF3152F8879}.Debug|Win32.ActiveCfg = Debug|Win32
		{196D0DD5-CFD4-3F1E-942D-5EF3152F8879}.Debug|Win32.Build.0 = Debug|Win32
		{196D0DD5-CFD4-3F1E-942D-5EF3152F8879}.Release|Win32.ActiveCfg = Release|Win32
		{196D0DD5-CFD4-3F1E-942D-5EF3152F8879}.Release|Win32.Build.0 = Release|Win32
		{06F8AFD2-AA21-3E68-BB63-3BC6868CF3D8}.Debug|Win32.ActiveCfg = Debug|Win32
		{06F8AFD2-AA21-3E68-BB63-3BC6868CF3D8}.Debug|Win32.Build.0 = Debug|Win32
		{06F8AFD2-AA21-3E68-BB63-3BC6868CF3D8}.Release|Win32.ActiveCfg = Release|Win32
		{06F8AFD2-AA21-3E68-BB63-3BC6868CF3D8}.Release|Win32.Build.0 = Release|Win32
		{E3715471-0C05-34AF-BBB1-D84B84F787D1}.Debug|Win32.ActiveCfg = Debug|Win32
		{E3715471-0C05-34AF-BBB1-D84B84F787D1}.Debug|Win32.Build.0 = Debug|Win32
		{E3715471-0C05-34AF-BBB1-D84B84F787D1}.Release|Win32.ActiveCfg = Release|Win32
		{E3715471-0C05-34AF-BBB1-D84B84F787D1}.Release|Win32.Build.0 = Release|Win32
		{7299354A-75B6-3442-BCF4-60A3CAE43BAB}.Debug|Win32.ActiveCfg = Debug|Win32
		{7299354A-75B6-3442-BCF4-60A3CAE43BAB}.Debug|Win32.Build.0 = Debug|Win32
		{7299354A-75B6-3442-BCF4-60A3CAE43BAB}.Release|Win32.ActiveCfg = Release|Win32
		{7299354A-75B6-3442-BCF4-60A3CAE43BAB}.Release|Win32.Build.0 = Release|Win32
		{858EFC1D-807D-3876-B7DC-546CE72C04CC}.Debug|Win32.ActiveCfg = Debug|Win32
		{858EFC1D-807D-3876-B7DC-546CE72C04CC}.Debug|Win32.Build.0 = Debug|Win32
		{858EFC1D-807D-3876-B7DC-546CE72C04CC}.Release|Win32.ActiveCfg = Release|Win32
		{858EFC1D-807D-3876-B7DC-546CE72C04CC}.Release|Win32.Build.0 = Release|Win32
		{36AF6F4F-FEE2-32F0-A162-9B58CD0B51AA}.Debug|Win32.ActiveCfg = Debug|Win32
		{36AF6F4F-FEE2-32F0-A162-9B58CD0B51AA}.Debug|Win32.Build.0 = Debug|Win32
		{36AF6F4F-FEE2-32F0-A162-9B58CD0B51AA}.Release|Win32.ActiveCfg = Release|Win32
		{36AF6F4F-FEE2-32F0-A162-9B58CD0B51AA}.Release|Win32.Build.0 = Release|Win32
		{480D7F94-5588-3D5D-BFCC-C49644C3ABC7}.Debug|Win32.ActiveCfg = Debug|Win32
		{480D7F94-5588-3D5D-BFCC-C49644C3ABC7}.Debug|Win32.Build.0 = Debug|Win32
		{480D7F94-5588-3D5D-BFCC-C49644C3ABC7}.Release|Win32.ActiveCfg = Release|Win32
		{480D7F94-5588-3D5D-BFCC-C49644C3ABC7}.Release|Win32.Build.0 = Release|Win32
		{4E9CE35B-17E1-3EE5-B715-D5A58C252D04}.Debug|Win32.ActiveCfg = Debug|Win32
		{4E9CE35B-17E1-3EE5-B715-D5A58C252D04}.Debug|Win32.Build.0 = Debug|Win32
		{4E9CE35B-17E1-3EE5-B715-D5A58C252D04}.Release|Win32.ActiveCfg = Release|Win32
		{4E9CE35B-17E1-3EE5-B715-D5A58C252D04}.Release|Win32.Build.0 = Release|Win32
		{C840D29F-414D-378E-80AD-3FC5920C75D5}.Debug|Win32.ActiveCfg = Debug|Win32
		{C840D29F-414D-378E-80AD-3FC5920C75D5}.Debug|Win32.Build.0 = Debug|Win32
		{C840D29F-414D-378E-80AD-3FC5920C75D5}.Release|Win32.ActiveCfg = Release|Win32
		{C840D29F-414D-378E-80AD-3FC5920C75D5}.Release|Win32.Build.0 = Release|Win32
	EndGlobalSection
	GlobalSection(SolutionProperties) = preSolution
		HideSolutionNode = FALSE
	EndGlobalSection
	GlobalSection(ExtensibilityGlobals) = postSolution
		QtVersion = 4.8.5
	EndGlobalSection
EndGlobal
