Microsoft Visual Studio Solution File, Format Version 11.00
# Visual Studio 2010
Project("{8BC9CEB8-8B4A-11D0-8D11-00A0C91BC942}") = "NURBS", "NURBS\NURBS.vcxproj", "{EDB782A7-3B36-3B66-93F8-ACF3DC151C78}"
EndProject
Project("{8BC9CEB8-8B4A-11D0-8D11-00A0C91BC942}") = "DynamicVoxel", "DynamicVoxel\DynamicVoxel.vcxproj", "{B46CECCA-2D12-3B97-8D69-59F84897C02F}"
EndProject
Project("{8BC9CEB8-8B4A-11D0-8D11-00A0C91BC942}") = "Voxeler", "Voxeler\Voxeler.vcxproj", "{794D58B9-C484-3F8C-93F9-7024EE404370}"
EndProject
Project("{8BC9CEB8-8B4A-11D0-8D11-00A0C91BC942}") = "ScorerLib", "ScorerLib\ScorerLib.vcxproj", "{06F8AFD2-AA21-3E68-BB63-3BC6868CF3D8}"
	ProjectSection(ProjectDependencies) = postProject
		{EDB782A7-3B36-3B66-93F8-ACF3DC151C78} = {EDB782A7-3B36-3B66-93F8-ACF3DC151C78}
		{1412A476-D240-3615-A46B-C3112084D465} = {1412A476-D240-3615-A46B-C3112084D465}
	EndProjectSection
EndProject
Project("{8BC9CEB8-8B4A-11D0-8D11-00A0C91BC942}") = "TopoBlenderLib", "TopoBlenderLib\TopoBlenderLib.vcxproj", "{1412A476-D240-3615-A46B-C3112084D465}"
	ProjectSection(ProjectDependencies) = postProject
		{EDB782A7-3B36-3B66-93F8-ACF3DC151C78} = {EDB782A7-3B36-3B66-93F8-ACF3DC151C78}
		{894910C3-12BD-3218-B354-57F45548262A} = {894910C3-12BD-3218-B354-57F45548262A}
	EndProjectSection
EndProject
Project("{8BC9CEB8-8B4A-11D0-8D11-00A0C91BC942}") = "Reconstruction", "Reconstruction\Reconstruction.vcxproj", "{894910C3-12BD-3218-B354-57F45548262A}"
EndProject
Project("{8BC9CEB8-8B4A-11D0-8D11-00A0C91BC942}") = "GlSplatRendererLib", "GlSplatRendererLib\GlSplatRendererLib.vcxproj", "{8DDED948-36E4-3112-A9B7-8334724F9761}"
EndProject
Project("{8BC9CEB8-8B4A-11D0-8D11-00A0C91BC942}") = "voxel_resampler", "voxel_resampler\voxel_resampler.vcxproj", "{A69A465E-26AF-366F-BFE6-E78FCED619E5}"
	ProjectSection(ProjectDependencies) = postProject
		{794D58B9-C484-3F8C-93F9-7024EE404370} = {794D58B9-C484-3F8C-93F9-7024EE404370}
		{B46CECCA-2D12-3B97-8D69-59F84897C02F} = {B46CECCA-2D12-3B97-8D69-59F84897C02F}
	EndProjectSection
EndProject
Project("{8BC9CEB8-8B4A-11D0-8D11-00A0C91BC942}") = "nurbs_plugin", "nurbs_plugin\nurbs_plugin.vcxproj", "{8B265D96-AF0C-3FCD-BB07-3E76666CA3F1}"
	ProjectSection(ProjectDependencies) = postProject
		{EDB782A7-3B36-3B66-93F8-ACF3DC151C78} = {EDB782A7-3B36-3B66-93F8-ACF3DC151C78}
		{894910C3-12BD-3218-B354-57F45548262A} = {894910C3-12BD-3218-B354-57F45548262A}
		{1412A476-D240-3615-A46B-C3112084D465} = {1412A476-D240-3615-A46B-C3112084D465}
	EndProjectSection
EndProject
Project("{8BC9CEB8-8B4A-11D0-8D11-00A0C91BC942}") = "demo", "demo\demo.vcxproj", "{27056F71-7DA5-39A8-8D5A-891312D6EDAE}"
	ProjectSection(ProjectDependencies) = postProject
		{EDB782A7-3B36-3B66-93F8-ACF3DC151C78} = {EDB782A7-3B36-3B66-93F8-ACF3DC151C78}
		{B46CECCA-2D12-3B97-8D69-59F84897C02F} = {B46CECCA-2D12-3B97-8D69-59F84897C02F}
		{894910C3-12BD-3218-B354-57F45548262A} = {894910C3-12BD-3218-B354-57F45548262A}
		{1412A476-D240-3615-A46B-C3112084D465} = {1412A476-D240-3615-A46B-C3112084D465}
		{06F8AFD2-AA21-3E68-BB63-3BC6868CF3D8} = {06F8AFD2-AA21-3E68-BB63-3BC6868CF3D8}
	EndProjectSection
EndProject
Project("{8BC9CEB8-8B4A-11D0-8D11-00A0C91BC942}") = "topo-blend", "topo-blend\topo-blend.vcxproj", "{35D24FFD-B6B1-3565-9956-1A4927D4F9CC}"
	ProjectSection(ProjectDependencies) = postProject
		{EDB782A7-3B36-3B66-93F8-ACF3DC151C78} = {EDB782A7-3B36-3B66-93F8-ACF3DC151C78}
		{B46CECCA-2D12-3B97-8D69-59F84897C02F} = {B46CECCA-2D12-3B97-8D69-59F84897C02F}
		{894910C3-12BD-3218-B354-57F45548262A} = {894910C3-12BD-3218-B354-57F45548262A}
		{1412A476-D240-3615-A46B-C3112084D465} = {1412A476-D240-3615-A46B-C3112084D465}
		{06F8AFD2-AA21-3E68-BB63-3BC6868CF3D8} = {06F8AFD2-AA21-3E68-BB63-3BC6868CF3D8}
	EndProjectSection
EndProject
Global
	GlobalSection(SolutionConfigurationPlatforms) = preSolution
		Debug|Win32 = Debug|Win32
		Release|Win32 = Release|Win32
	EndGlobalSection
	GlobalSection(ProjectConfigurationPlatforms) = postSolution
		{EDB782A7-3B36-3B66-93F8-ACF3DC151C78}.Debug|Win32.ActiveCfg = Debug|Win32
		{EDB782A7-3B36-3B66-93F8-ACF3DC151C78}.Debug|Win32.Build.0 = Debug|Win32
		{EDB782A7-3B36-3B66-93F8-ACF3DC151C78}.Release|Win32.ActiveCfg = Release|Win32
		{EDB782A7-3B36-3B66-93F8-ACF3DC151C78}.Release|Win32.Build.0 = Release|Win32
		{B46CECCA-2D12-3B97-8D69-59F84897C02F}.Debug|Win32.ActiveCfg = Debug|Win32
		{B46CECCA-2D12-3B97-8D69-59F84897C02F}.Debug|Win32.Build.0 = Debug|Win32
		{B46CECCA-2D12-3B97-8D69-59F84897C02F}.Release|Win32.ActiveCfg = Release|Win32
		{B46CECCA-2D12-3B97-8D69-59F84897C02F}.Release|Win32.Build.0 = Release|Win32
		{794D58B9-C484-3F8C-93F9-7024EE404370}.Debug|Win32.ActiveCfg = Debug|Win32
		{794D58B9-C484-3F8C-93F9-7024EE404370}.Debug|Win32.Build.0 = Debug|Win32
		{794D58B9-C484-3F8C-93F9-7024EE404370}.Release|Win32.ActiveCfg = Release|Win32
		{794D58B9-C484-3F8C-93F9-7024EE404370}.Release|Win32.Build.0 = Release|Win32
		{06F8AFD2-AA21-3E68-BB63-3BC6868CF3D8}.Debug|Win32.ActiveCfg = Debug|Win32
		{06F8AFD2-AA21-3E68-BB63-3BC6868CF3D8}.Debug|Win32.Build.0 = Debug|Win32
		{06F8AFD2-AA21-3E68-BB63-3BC6868CF3D8}.Release|Win32.ActiveCfg = Release|Win32
		{06F8AFD2-AA21-3E68-BB63-3BC6868CF3D8}.Release|Win32.Build.0 = Release|Win32
		{1412A476-D240-3615-A46B-C3112084D465}.Debug|Win32.ActiveCfg = Debug|Win32
		{1412A476-D240-3615-A46B-C3112084D465}.Debug|Win32.Build.0 = Debug|Win32
		{1412A476-D240-3615-A46B-C3112084D465}.Release|Win32.ActiveCfg = Release|Win32
		{1412A476-D240-3615-A46B-C3112084D465}.Release|Win32.Build.0 = Release|Win32
		{894910C3-12BD-3218-B354-57F45548262A}.Debug|Win32.ActiveCfg = Debug|Win32
		{894910C3-12BD-3218-B354-57F45548262A}.Debug|Win32.Build.0 = Debug|Win32
		{894910C3-12BD-3218-B354-57F45548262A}.Release|Win32.ActiveCfg = Release|Win32
		{894910C3-12BD-3218-B354-57F45548262A}.Release|Win32.Build.0 = Release|Win32
		{8DDED948-36E4-3112-A9B7-8334724F9761}.Debug|Win32.ActiveCfg = Debug|Win32
		{8DDED948-36E4-3112-A9B7-8334724F9761}.Debug|Win32.Build.0 = Debug|Win32
		{8DDED948-36E4-3112-A9B7-8334724F9761}.Release|Win32.ActiveCfg = Release|Win32
		{8DDED948-36E4-3112-A9B7-8334724F9761}.Release|Win32.Build.0 = Release|Win32
		{A69A465E-26AF-366F-BFE6-E78FCED619E5}.Debug|Win32.ActiveCfg = Debug|Win32
		{A69A465E-26AF-366F-BFE6-E78FCED619E5}.Debug|Win32.Build.0 = Debug|Win32
		{A69A465E-26AF-366F-BFE6-E78FCED619E5}.Release|Win32.ActiveCfg = Release|Win32
		{A69A465E-26AF-366F-BFE6-E78FCED619E5}.Release|Win32.Build.0 = Release|Win32
		{8B265D96-AF0C-3FCD-BB07-3E76666CA3F1}.Debug|Win32.ActiveCfg = Debug|Win32
		{8B265D96-AF0C-3FCD-BB07-3E76666CA3F1}.Debug|Win32.Build.0 = Debug|Win32
		{8B265D96-AF0C-3FCD-BB07-3E76666CA3F1}.Release|Win32.ActiveCfg = Release|Win32
		{8B265D96-AF0C-3FCD-BB07-3E76666CA3F1}.Release|Win32.Build.0 = Release|Win32
		{27056F71-7DA5-39A8-8D5A-891312D6EDAE}.Debug|Win32.ActiveCfg = Debug|Win32
		{27056F71-7DA5-39A8-8D5A-891312D6EDAE}.Debug|Win32.Build.0 = Debug|Win32
		{27056F71-7DA5-39A8-8D5A-891312D6EDAE}.Release|Win32.ActiveCfg = Release|Win32
		{27056F71-7DA5-39A8-8D5A-891312D6EDAE}.Release|Win32.Build.0 = Release|Win32
		{35D24FFD-B6B1-3565-9956-1A4927D4F9CC}.Debug|Win32.ActiveCfg = Debug|Win32
		{35D24FFD-B6B1-3565-9956-1A4927D4F9CC}.Debug|Win32.Build.0 = Debug|Win32
		{35D24FFD-B6B1-3565-9956-1A4927D4F9CC}.Release|Win32.ActiveCfg = Release|Win32
		{35D24FFD-B6B1-3565-9956-1A4927D4F9CC}.Release|Win32.Build.0 = Release|Win32
	EndGlobalSection
	GlobalSection(SolutionProperties) = preSolution
		HideSolutionNode = FALSE
	EndGlobalSection
	GlobalSection(ExtensibilityGlobals) = postSolution
		QtVersion = 4.8.5
	EndGlobalSection
EndGlobal
